
Microsoft Visual Studio Solution File, Format Version 12.00
# Visual Studio 15
VisualStudioVersion = 15.0.28010.2041
MinimumVisualStudioVersion = 10.0.40219.1
Project("{FAE04EC0-301F-11D3-BF4B-00C04F79EFBC}") = "HomeSchoolDayBook", "HomeSchoolDayBook\HomeSchoolDayBook.csproj", "{EE8D69F9-E385-4273-8AA2-FBFCD1A5E947}"
EndProject
Global
	GlobalSection(SolutionConfigurationPlatforms) = preSolution
		Debug|Any CPU = Debug|Any CPU
		Release|Any CPU = Release|Any CPU
	EndGlobalSection
	GlobalSection(ProjectConfigurationPlatforms) = postSolution
		{EE8D69F9-E385-4273-8AA2-FBFCD1A5E947}.Debug|Any CPU.ActiveCfg = Debug|Any CPU
		{EE8D69F9-E385-4273-8AA2-FBFCD1A5E947}.Debug|Any CPU.Build.0 = Debug|Any CPU
		{EE8D69F9-E385-4273-8AA2-FBFCD1A5E947}.Release|Any CPU.ActiveCfg = Release|Any CPU
		{EE8D69F9-E385-4273-8AA2-FBFCD1A5E947}.Release|Any CPU.Build.0 = Release|Any CPU
	EndGlobalSection
	GlobalSection(SolutionProperties) = preSolution
		HideSolutionNode = FALSE
	EndGlobalSection
	GlobalSection(ExtensibilityGlobals) = postSolution
		SolutionGuid = {E19A37B7-63FF-4BD1-953A-FDDCE676CEC2}
	EndGlobalSection
EndGlobal
